
Microsoft Visual Studio Solution File, Format Version 12.00
# Visual Studio Version 17
VisualStudioVersion = 17.1.32319.34
MinimumVisualStudioVersion = 10.0.40219.1
Project("{2150E333-8FDC-42A3-9474-1A3956D46DE8}") = "src", "src", "{4218A7A1-4D33-466B-ACB9-BC1C5153E75A}"
EndProject
Project("{9A19103F-16F7-4668-BE54-9A1E7A4F7556}") = "Web", "src\Web\Web.csproj", "{7B6F1BF3-0648-4304-BB0C-6FB3E4E07A9C}"
EndProject
Project("{9A19103F-16F7-4668-BE54-9A1E7A4F7556}") = "ApplicationCore", "src\ApplicationCore\ApplicationCore.csproj", "{22062CAF-4E98-443A-A2F3-A1DA632B25FC}"
EndProject
Project("{9A19103F-16F7-4668-BE54-9A1E7A4F7556}") = "Infrastructure", "src\Infrastructure\Infrastructure.csproj", "{0C998C33-A381-4AB4-ADCA-2DA557273CCD}"
EndProject
Project("{2150E333-8FDC-42A3-9474-1A3956D46DE8}") = "Solution Items", "Solution Items", "{5F047D6A-252E-4038-9347-FE5609AE275B}"
	ProjectSection(SolutionItems) = preProject
		README.md = README.md
	EndProjectSection
EndProject
Global
	GlobalSection(SolutionConfigurationPlatforms) = preSolution
		Debug|Any CPU = Debug|Any CPU
		Release|Any CPU = Release|Any CPU
	EndGlobalSection
	GlobalSection(ProjectConfigurationPlatforms) = postSolution
		{7B6F1BF3-0648-4304-BB0C-6FB3E4E07A9C}.Debug|Any CPU.ActiveCfg = Debug|Any CPU
		{7B6F1BF3-0648-4304-BB0C-6FB3E4E07A9C}.Debug|Any CPU.Build.0 = Debug|Any CPU
		{7B6F1BF3-0648-4304-BB0C-6FB3E4E07A9C}.Release|Any CPU.ActiveCfg = Release|Any CPU
		{7B6F1BF3-0648-4304-BB0C-6FB3E4E07A9C}.Release|Any CPU.Build.0 = Release|Any CPU
		{22062CAF-4E98-443A-A2F3-A1DA632B25FC}.Debug|Any CPU.ActiveCfg = Debug|Any CPU
		{22062CAF-4E98-443A-A2F3-A1DA632B25FC}.Debug|Any CPU.Build.0 = Debug|Any CPU
		{22062CAF-4E98-443A-A2F3-A1DA632B25FC}.Release|Any CPU.ActiveCfg = Release|Any CPU
		{22062CAF-4E98-443A-A2F3-A1DA632B25FC}.Release|Any CPU.Build.0 = Release|Any CPU
		{0C998C33-A381-4AB4-ADCA-2DA557273CCD}.Debug|Any CPU.ActiveCfg = Debug|Any CPU
		{0C998C33-A381-4AB4-ADCA-2DA557273CCD}.Debug|Any CPU.Build.0 = Debug|Any CPU
		{0C998C33-A381-4AB4-ADCA-2DA557273CCD}.Release|Any CPU.ActiveCfg = Release|Any CPU
		{0C998C33-A381-4AB4-ADCA-2DA557273CCD}.Release|Any CPU.Build.0 = Release|Any CPU
	EndGlobalSection
	GlobalSection(SolutionProperties) = preSolution
		HideSolutionNode = FALSE
	EndGlobalSection
	GlobalSection(NestedProjects) = preSolution
		{7B6F1BF3-0648-4304-BB0C-6FB3E4E07A9C} = {4218A7A1-4D33-466B-ACB9-BC1C5153E75A}
		{22062CAF-4E98-443A-A2F3-A1DA632B25FC} = {4218A7A1-4D33-466B-ACB9-BC1C5153E75A}
		{0C998C33-A381-4AB4-ADCA-2DA557273CCD} = {4218A7A1-4D33-466B-ACB9-BC1C5153E75A}
	EndGlobalSection
	GlobalSection(ExtensibilityGlobals) = postSolution
		SolutionGuid = {B225B105-587C-4A8A-881B-6E0332604D11}
	EndGlobalSection
EndGlobal
